
Microsoft Visual Studio Solution File, Format Version 12.00
# Visual Studio Version 17
VisualStudioVersion = 17.9.34714.143
MinimumVisualStudioVersion = 10.0.40219.1
Project("{9A19103F-16F7-4668-BE54-9A1E7A4F7556}") = "Magnise.Test.API", "Magnise.Test.API\Magnise.Test.API.csproj", "{70D3DF61-2368-4A76-8B2F-99CC639918BA}"
EndProject
Project("{9A19103F-16F7-4668-BE54-9A1E7A4F7556}") = "Magnise.Test.BL", "Magnise.Test.BL\Magnise.Test.BL.csproj", "{DA101900-823B-476E-B2C7-CD51E80CDC80}"
EndProject
Project("{9A19103F-16F7-4668-BE54-9A1E7A4F7556}") = "Magnise.Test.DAL", "Magnise.Test.DAL\Magnise.Test.DAL.csproj", "{F58BDA82-C250-48DD-8252-9B001A310CEE}"
EndProject
Project("{2150E333-8FDC-42A3-9474-1A3956D46DE8}") = "Docker", "Docker", "{1EFCFA51-1A7A-46C3-B2E7-4B803423D0CE}"
	ProjectSection(SolutionItems) = preProject
		docker-compose.yml = docker-compose.yml
		Dockerfile = Dockerfile
	EndProjectSection
EndProject
Global
	GlobalSection(SolutionConfigurationPlatforms) = preSolution
		Debug|Any CPU = Debug|Any CPU
		Release|Any CPU = Release|Any CPU
	EndGlobalSection
	GlobalSection(ProjectConfigurationPlatforms) = postSolution
		{70D3DF61-2368-4A76-8B2F-99CC639918BA}.Debug|Any CPU.ActiveCfg = Debug|Any CPU
		{70D3DF61-2368-4A76-8B2F-99CC639918BA}.Debug|Any CPU.Build.0 = Debug|Any CPU
		{70D3DF61-2368-4A76-8B2F-99CC639918BA}.Release|Any CPU.ActiveCfg = Release|Any CPU
		{70D3DF61-2368-4A76-8B2F-99CC639918BA}.Release|Any CPU.Build.0 = Release|Any CPU
		{DA101900-823B-476E-B2C7-CD51E80CDC80}.Debug|Any CPU.ActiveCfg = Debug|Any CPU
		{DA101900-823B-476E-B2C7-CD51E80CDC80}.Debug|Any CPU.Build.0 = Debug|Any CPU
		{DA101900-823B-476E-B2C7-CD51E80CDC80}.Release|Any CPU.ActiveCfg = Release|Any CPU
		{DA101900-823B-476E-B2C7-CD51E80CDC80}.Release|Any CPU.Build.0 = Release|Any CPU
		{F58BDA82-C250-48DD-8252-9B001A310CEE}.Debug|Any CPU.ActiveCfg = Debug|Any CPU
		{F58BDA82-C250-48DD-8252-9B001A310CEE}.Debug|Any CPU.Build.0 = Debug|Any CPU
		{F58BDA82-C250-48DD-8252-9B001A310CEE}.Release|Any CPU.ActiveCfg = Release|Any CPU
		{F58BDA82-C250-48DD-8252-9B001A310CEE}.Release|Any CPU.Build.0 = Release|Any CPU
	EndGlobalSection
	GlobalSection(SolutionProperties) = preSolution
		HideSolutionNode = FALSE
	EndGlobalSection
	GlobalSection(ExtensibilityGlobals) = postSolution
		SolutionGuid = {39B1BF87-D7A8-4E3C-A489-3536085EDBFC}
	EndGlobalSection
EndGlobal
